
Microsoft Visual Studio Solution File, Format Version 12.00
Project("{FAE04EC0-301F-11D3-BF4B-00C04F79EFBC}") = "Library", "Library\Library.csproj", "{2B1B881C-AC05-456D-83FA-F6C530F9809C}"
EndProject
Global
	GlobalSection(SolutionConfigurationPlatforms) = preSolution
		Debug|Any CPU = Debug|Any CPU
		Release|Any CPU = Release|Any CPU
	EndGlobalSection
	GlobalSection(ProjectConfigurationPlatforms) = postSolution
		{2B1B881C-AC05-456D-83FA-F6C530F9809C}.Debug|Any CPU.ActiveCfg = Debug|Any CPU
		{2B1B881C-AC05-456D-83FA-F6C530F9809C}.Debug|Any CPU.Build.0 = Debug|Any CPU
		{2B1B881C-AC05-456D-83FA-F6C530F9809C}.Release|Any CPU.ActiveCfg = Release|Any CPU
		{2B1B881C-AC05-456D-83FA-F6C530F9809C}.Release|Any CPU.Build.0 = Release|Any CPU
	EndGlobalSection
EndGlobal
